
Microsoft Visual Studio Solution File, Format Version 12.00
# Visual Studio Version 17
VisualStudioVersion = 17.11.35208.52
MinimumVisualStudioVersion = 10.0.40219.1
Project("{FAE04EC0-301F-11D3-BF4B-00C04F79EFBC}") = "RecetarioBack", "RecetarioBack\RecetarioBack.csproj", "{7B742446-617E-423F-8BB3-4A58F919815F}"
EndProject
Project("{FAE04EC0-301F-11D3-BF4B-00C04F79EFBC}") = "RecetarioWebApi", "RecetarioWebApi\RecetarioWebApi.csproj", "{07954E81-A8C0-4BD3-B5D7-C091CA75FF0B}"
EndProject
Global
	GlobalSection(SolutionConfigurationPlatforms) = preSolution
		Debug|Any CPU = Debug|Any CPU
		Release|Any CPU = Release|Any CPU
	EndGlobalSection
	GlobalSection(ProjectConfigurationPlatforms) = postSolution
		{7B742446-617E-423F-8BB3-4A58F919815F}.Debug|Any CPU.ActiveCfg = Debug|Any CPU
		{7B742446-617E-423F-8BB3-4A58F919815F}.Debug|Any CPU.Build.0 = Debug|Any CPU
		{7B742446-617E-423F-8BB3-4A58F919815F}.Release|Any CPU.ActiveCfg = Release|Any CPU
		{7B742446-617E-423F-8BB3-4A58F919815F}.Release|Any CPU.Build.0 = Release|Any CPU
		{07954E81-A8C0-4BD3-B5D7-C091CA75FF0B}.Debug|Any CPU.ActiveCfg = Debug|Any CPU
		{07954E81-A8C0-4BD3-B5D7-C091CA75FF0B}.Debug|Any CPU.Build.0 = Debug|Any CPU
		{07954E81-A8C0-4BD3-B5D7-C091CA75FF0B}.Release|Any CPU.ActiveCfg = Release|Any CPU
		{07954E81-A8C0-4BD3-B5D7-C091CA75FF0B}.Release|Any CPU.Build.0 = Release|Any CPU
	EndGlobalSection
	GlobalSection(SolutionProperties) = preSolution
		HideSolutionNode = FALSE
	EndGlobalSection
	GlobalSection(ExtensibilityGlobals) = postSolution
		SolutionGuid = {409525F7-9EBC-4614-A7AD-E63CA58E6FAA}
	EndGlobalSection
EndGlobal
