
Microsoft Visual Studio Solution File, Format Version 12.00
# Visual Studio Version 17
VisualStudioVersion = 17.11.35208.52
MinimumVisualStudioVersion = 10.0.40219.1
Project("{FAE04EC0-301F-11D3-BF4B-00C04F79EFBC}") = "CineWebApi", "CineWebApi\CineWebApi.csproj", "{6737B134-50EA-413C-A7C2-61E96F0D1E9A}"
EndProject
Project("{FAE04EC0-301F-11D3-BF4B-00C04F79EFBC}") = "CineBack", "CineBack\CineBack.csproj", "{C1DBA000-2024-4704-B114-5488D8BA7440}"
EndProject
Global
	GlobalSection(SolutionConfigurationPlatforms) = preSolution
		Debug|Any CPU = Debug|Any CPU
		Release|Any CPU = Release|Any CPU
	EndGlobalSection
	GlobalSection(ProjectConfigurationPlatforms) = postSolution
		{6737B134-50EA-413C-A7C2-61E96F0D1E9A}.Debug|Any CPU.ActiveCfg = Debug|Any CPU
		{6737B134-50EA-413C-A7C2-61E96F0D1E9A}.Debug|Any CPU.Build.0 = Debug|Any CPU
		{6737B134-50EA-413C-A7C2-61E96F0D1E9A}.Release|Any CPU.ActiveCfg = Release|Any CPU
		{6737B134-50EA-413C-A7C2-61E96F0D1E9A}.Release|Any CPU.Build.0 = Release|Any CPU
		{C1DBA000-2024-4704-B114-5488D8BA7440}.Debug|Any CPU.ActiveCfg = Debug|Any CPU
		{C1DBA000-2024-4704-B114-5488D8BA7440}.Debug|Any CPU.Build.0 = Debug|Any CPU
		{C1DBA000-2024-4704-B114-5488D8BA7440}.Release|Any CPU.ActiveCfg = Release|Any CPU
		{C1DBA000-2024-4704-B114-5488D8BA7440}.Release|Any CPU.Build.0 = Release|Any CPU
	EndGlobalSection
	GlobalSection(SolutionProperties) = preSolution
		HideSolutionNode = FALSE
	EndGlobalSection
	GlobalSection(ExtensibilityGlobals) = postSolution
		SolutionGuid = {C2CE5D89-7665-4B11-8512-C7B4CA690041}
	EndGlobalSection
EndGlobal
